
Microsoft Visual Studio Solution File, Format Version 12.00
# Visual Studio 15
VisualStudioVersion = 15.0.26430.13
MinimumVisualStudioVersion = 10.0.40219.1
Project("{FAE04EC0-301F-11D3-BF4B-00C04F79EFBC}") = "SondageSoiree", "SondageSoiree\SondageSoiree.csproj", "{C2941841-7AEC-4CFD-BA9E-66DDE08534B2}"
EndProject
Project("{FAE04EC0-301F-11D3-BF4B-00C04F79EFBC}") = "OrganisationSoiree.Tests", "OrganisationSoiree.Tests\OrganisationSoiree.Tests.csproj", "{8F50D9E6-3A54-461B-9633-66FAB7E60C9D}"
EndProject
Global
	GlobalSection(SolutionConfigurationPlatforms) = preSolution
		Debug|Any CPU = Debug|Any CPU
		Release|Any CPU = Release|Any CPU
	EndGlobalSection
	GlobalSection(ProjectConfigurationPlatforms) = postSolution
		{C2941841-7AEC-4CFD-BA9E-66DDE08534B2}.Debug|Any CPU.ActiveCfg = Debug|Any CPU
		{C2941841-7AEC-4CFD-BA9E-66DDE08534B2}.Debug|Any CPU.Build.0 = Debug|Any CPU
		{C2941841-7AEC-4CFD-BA9E-66DDE08534B2}.Release|Any CPU.ActiveCfg = Release|Any CPU
		{C2941841-7AEC-4CFD-BA9E-66DDE08534B2}.Release|Any CPU.Build.0 = Release|Any CPU
		{8F50D9E6-3A54-461B-9633-66FAB7E60C9D}.Debug|Any CPU.ActiveCfg = Debug|Any CPU
		{8F50D9E6-3A54-461B-9633-66FAB7E60C9D}.Debug|Any CPU.Build.0 = Debug|Any CPU
		{8F50D9E6-3A54-461B-9633-66FAB7E60C9D}.Release|Any CPU.ActiveCfg = Release|Any CPU
		{8F50D9E6-3A54-461B-9633-66FAB7E60C9D}.Release|Any CPU.Build.0 = Release|Any CPU
	EndGlobalSection
	GlobalSection(SolutionProperties) = preSolution
		HideSolutionNode = FALSE
	EndGlobalSection
EndGlobal
